// !$*UTF8*$!
{
	archiveVersion = 1;
	classes = {
	};
	objectVersion = 48;
	objects = {

/* Begin PBXBuildFile section */
		D8C1B58C2016A8C500CB0B0B /* AppDelegate.swift in Sources */ = {isa = PBXBuildFile; fileRef = D8C1B58B2016A8C500CB0B0B /* AppDelegate.swift */; };
		D8C1B58E2016A8C500CB0B0B /* ViewController.swift in Sources */ = {isa = PBXBuildFile; fileRef = D8C1B58D2016A8C500CB0B0B /* ViewController.swift */; };
		D8C1B5912016A8C500CB0B0B /* Main.storyboard in Resources */ = {isa = PBXBuildFile; fileRef = D8C1B58F2016A8C500CB0B0B /* Main.storyboard */; };
		D8C1B5932016A8C500CB0B0B /* Assets.xcassets in Resources */ = {isa = PBXBuildFile; fileRef = D8C1B5922016A8C500CB0B0B /* Assets.xcassets */; };
		D8C1B5962016A8C500CB0B0B /* LaunchScreen.storyboard in Resources */ = {isa = PBXBuildFile; fileRef = D8C1B5942016A8C500CB0B0B /* LaunchScreen.storyboard */; };
		D8C1B5A12016A8C500CB0B0B /* YelpTests.swift in Sources */ = {isa = PBXBuildFile; fileRef = D8C1B5A02016A8C500CB0B0B /* YelpTests.swift */; };
		D8C1B5AC2016A8C500CB0B0B /* YelpUITests.swift in Sources */ = {isa = PBXBuildFile; fileRef = D8C1B5AB2016A8C500CB0B0B /* YelpUITests.swift */; };
/* End PBXBuildFile section */

/* Begin PBXContainerItemProxy section */
		D8C1B59D2016A8C500CB0B0B /* PBXContainerItemProxy */ = {
			isa = PBXContainerItemProxy;
			containerPortal = D8C1B5802016A8C500CB0B0B /* Project object */;
			proxyType = 1;
			remoteGlobalIDString = D8C1B5872016A8C500CB0B0B;
			remoteInfo = Yelp;
		};
		D8C1B5A82016A8C500CB0B0B /* PBXContainerItemProxy */ = {
			isa = PBXContainerItemProxy;
			containerPortal = D8C1B5802016A8C500CB0B0B /* Project object */;
			proxyType = 1;
			remoteGlobalIDString = D8C1B5872016A8C500CB0B0B;
			remoteInfo = Yelp;
		};
/* End PBXContainerItemProxy section */

/* Begin PBXFileReference section */
		D8C1B5882016A8C500CB0B0B /* Yelp.app */ = {isa = PBXFileReference; explicitFileType = wrapper.application; includeInIndex = 0; path = Yelp.app; sourceTree = BUILT_PRODUCTS_DIR; };
		D8C1B58B2016A8C500CB0B0B /* AppDelegate.swift */ = {isa = PBXFileReference; lastKnownFileType = sourcecode.swift; path = AppDelegate.swift; sourceTree = "<group>"; };
		D8C1B58D2016A8C500CB0B0B /* ViewController.swift */ = {isa = PBXFileReference; lastKnownFileType = sourcecode.swift; path = ViewController.swift; sourceTree = "<group>"; };
		D8C1B5902016A8C500CB0B0B /* Base */ = {isa = PBXFileReference; lastKnownFileType = file.storyboard; name = Base; path = Base.lproj/Main.storyboard; sourceTree = "<group>"; };
		D8C1B5922016A8C500CB0B0B /* Assets.xcassets */ = {isa = PBXFileReference; lastKnownFileType = folder.assetcatalog; path = Assets.xcassets; sourceTree = "<group>"; };
		D8C1B5952016A8C500CB0B0B /* Base */ = {isa = PBXFileReference; lastKnownFileType = file.storyboard; name = Base; path = Base.lproj/LaunchScreen.storyboard; sourceTree = "<group>"; };
		D8C1B5972016A8C500CB0B0B /* Info.plist */ = {isa = PBXFileReference; lastKnownFileType = text.plist.xml; path = Info.plist; sourceTree = "<group>"; };
		D8C1B59C2016A8C500CB0B0B /* YelpTests.xctest */ = {isa = PBXFileReference; explicitFileType = wrapper.cfbundle; includeInIndex = 0; path = YelpTests.xctest; sourceTree = BUILT_PRODUCTS_DIR; };
		D8C1B5A02016A8C500CB0B0B /* YelpTests.swift */ = {isa = PBXFileReference; lastKnownFileType = sourcecode.swift; path = YelpTests.swift; sourceTree = "<group>"; };
		D8C1B5A22016A8C500CB0B0B /* Info.plist */ = {isa = PBXFileReference; lastKnownFileType = text.plist.xml; path = Info.plist; sourceTree = "<group>"; };
		D8C1B5A72016A8C500CB0B0B /* YelpUITests.xctest */ = {isa = PBXFileReference; explicitFileType = wrapper.cfbundle; includeInIndex = 0; path = YelpUITests.xctest; sourceTree = BUILT_PRODUCTS_DIR; };
		D8C1B5AB2016A8C500CB0B0B /* YelpUITests.swift */ = {isa = PBXFileReference; lastKnownFileType = sourcecode.swift; path = YelpUITests.swift; sourceTree = "<group>"; };
		D8C1B5AD2016A8C500CB0B0B /* Info.plist */ = {isa = PBXFileReference; lastKnownFileType = text.plist.xml; path = Info.plist; sourceTree = "<group>"; };
/* End PBXFileReference section */

/* Begin PBXFrameworksBuildPhase section */
		D8C1B5852016A8C500CB0B0B /* Frameworks */ = {
			isa = PBXFrameworksBuildPhase;
			buildActionMask = 2147483647;
			files = (
			);
			runOnlyForDeploymentPostprocessing = 0;
		};
		D8C1B5992016A8C500CB0B0B /* Frameworks */ = {
			isa = PBXFrameworksBuildPhase;
			buildActionMask = 2147483647;
			files = (
			);
			runOnlyForDeploymentPostprocessing = 0;
		};
		D8C1B5A42016A8C500CB0B0B /* Frameworks */ = {
			isa = PBXFrameworksBuildPhase;
			buildActionMask = 2147483647;
			files = (
			);
			runOnlyForDeploymentPostprocessing = 0;
		};
/* End PBXFrameworksBuildPhase section */

/* Begin PBXGroup section */
		D8C1B57F2016A8C500CB0B0B = {
			isa = PBXGroup;
			children = (
				D8C1B58A2016A8C500CB0B0B /* Yelp */,
				D8C1B59F2016A8C500CB0B0B /* YelpTests */,
				D8C1B5AA2016A8C500CB0B0B /* YelpUITests */,
				D8C1B5892016A8C500CB0B0B /* Products */,
			);
			sourceTree = "<group>";
		};
		D8C1B5892016A8C500CB0B0B /* Products */ = {
			isa = PBXGroup;
			children = (
				D8C1B5882016A8C500CB0B0B /* Yelp.app */,
				D8C1B59C2016A8C500CB0B0B /* YelpTests.xctest */,
				D8C1B5A72016A8C500CB0B0B /* YelpUITests.xctest */,
			);
			name = Products;
			sourceTree = "<group>";
		};
		D8C1B58A2016A8C500CB0B0B /* Yelp */ = {
			isa = PBXGroup;
			children = (
				D8C1B58B2016A8C500CB0B0B /* AppDelegate.swift */,
				D8C1B58D2016A8C500CB0B0B /* ViewController.swift */,
				D8C1B58F2016A8C500CB0B0B /* Main.storyboard */,
				D8C1B5922016A8C500CB0B0B /* Assets.xcassets */,
				D8C1B5942016A8C500CB0B0B /* LaunchScreen.storyboard */,
				D8C1B5972016A8C500CB0B0B /* Info.plist */,
			);
			path = Yelp;
			sourceTree = "<group>";
		};
		D8C1B59F2016A8C500CB0B0B /* YelpTests */ = {
			isa = PBXGroup;
			children = (
				D8C1B5A02016A8C500CB0B0B /* YelpTests.swift */,
				D8C1B5A22016A8C500CB0B0B /* Info.plist */,
			);
			path = YelpTests;
			sourceTree = "<group>";
		};
		D8C1B5AA2016A8C500CB0B0B /* YelpUITests */ = {
			isa = PBXGroup;
			children = (
				D8C1B5AB2016A8C500CB0B0B /* YelpUITests.swift */,
				D8C1B5AD2016A8C500CB0B0B /* Info.plist */,
			);
			path = YelpUITests;
			sourceTree = "<group>";
		};
/* End PBXGroup section */

/* Begin PBXNativeTarget section */
		D8C1B5872016A8C500CB0B0B /* Yelp */ = {
			isa = PBXNativeTarget;
			buildConfigurationList = D8C1B5B02016A8C500CB0B0B /* Build configuration list for PBXNativeTarget "Yelp" */;
			buildPhases = (
				D8C1B5842016A8C500CB0B0B /* Sources */,
				D8C1B5852016A8C500CB0B0B /* Frameworks */,
				D8C1B5862016A8C500CB0B0B /* Resources */,
			);
			buildRules = (
			);
			dependencies = (
			);
			name = Yelp;
			productName = Yelp;
			productReference = D8C1B5882016A8C500CB0B0B /* Yelp.app */;
			productType = "com.apple.product-type.application";
		};
		D8C1B59B2016A8C500CB0B0B /* YelpTests */ = {
			isa = PBXNativeTarget;
			buildConfigurationList = D8C1B5B32016A8C500CB0B0B /* Build configuration list for PBXNativeTarget "YelpTests" */;
			buildPhases = (
				D8C1B5982016A8C500CB0B0B /* Sources */,
				D8C1B5992016A8C500CB0B0B /* Frameworks */,
				D8C1B59A2016A8C500CB0B0B /* Resources */,
			);
			buildRules = (
			);
			dependencies = (
				D8C1B59E2016A8C500CB0B0B /* PBXTargetDependency */,
			);
			name = YelpTests;
			productName = YelpTests;
			productReference = D8C1B59C2016A8C500CB0B0B /* YelpTests.xctest */;
			productType = "com.apple.product-type.bundle.unit-test";
		};
		D8C1B5A62016A8C500CB0B0B /* YelpUITests */ = {
			isa = PBXNativeTarget;
			buildConfigurationList = D8C1B5B62016A8C500CB0B0B /* Build configuration list for PBXNativeTarget "YelpUITests" */;
			buildPhases = (
				D8C1B5A32016A8C500CB0B0B /* Sources */,
				D8C1B5A42016A8C500CB0B0B /* Frameworks */,
				D8C1B5A52016A8C500CB0B0B /* Resources */,
			);
			buildRules = (
			);
			dependencies = (
				D8C1B5A92016A8C500CB0B0B /* PBXTargetDependency */,
			);
			name = YelpUITests;
			productName = YelpUITests;
			productReference = D8C1B5A72016A8C500CB0B0B /* YelpUITests.xctest */;
			productType = "com.apple.product-type.bundle.ui-testing";
		};
/* End PBXNativeTarget section */

/* Begin PBXProject section */
		D8C1B5802016A8C500CB0B0B /* Project object */ = {
			isa = PBXProject;
			attributes = {
				LastSwiftUpdateCheck = 0920;
				LastUpgradeCheck = 0920;
				ORGANIZATIONNAME = "Joseph Davey";
				TargetAttributes = {
					D8C1B5872016A8C500CB0B0B = {
						CreatedOnToolsVersion = 9.2;
						ProvisioningStyle = Automatic;
					};
					D8C1B59B2016A8C500CB0B0B = {
						CreatedOnToolsVersion = 9.2;
						ProvisioningStyle = Automatic;
						TestTargetID = D8C1B5872016A8C500CB0B0B;
					};
					D8C1B5A62016A8C500CB0B0B = {
						CreatedOnToolsVersion = 9.2;
						ProvisioningStyle = Automatic;
						TestTargetID = D8C1B5872016A8C500CB0B0B;
					};
				};
			};
			buildConfigurationList = D8C1B5832016A8C500CB0B0B /* Build configuration list for PBXProject "Yelp" */;
			compatibilityVersion = "Xcode 8.0";
			developmentRegion = en;
			hasScannedForEncodings = 0;
			knownRegions = (
				en,
				Base,
			);
			mainGroup = D8C1B57F2016A8C500CB0B0B;
			productRefGroup = D8C1B5892016A8C500CB0B0B /* Products */;
			projectDirPath = "";
			projectRoot = "";
			targets = (
				D8C1B5872016A8C500CB0B0B /* Yelp */,
				D8C1B59B2016A8C500CB0B0B /* YelpTests */,
				D8C1B5A62016A8C500CB0B0B /* YelpUITests */,
			);
		};
/* End PBXProject section */

/* Begin PBXResourcesBuildPhase section */
		D8C1B5862016A8C500CB0B0B /* Resources */ = {
			isa = PBXResourcesBuildPhase;
			buildActionMask = 2147483647;
			files = (
				D8C1B5962016A8C500CB0B0B /* LaunchScreen.storyboard in Resources */,
				D8C1B5932016A8C500CB0B0B /* Assets.xcassets in Resources */,
				D8C1B5912016A8C500CB0B0B /* Main.storyboard in Resources */,
			);
			runOnlyForDeploymentPostprocessing = 0;
		};
		D8C1B59A2016A8C500CB0B0B /* Resources */ = {
			isa = PBXResourcesBuildPhase;
			buildActionMask = 2147483647;
			files = (
			);
			runOnlyForDeploymentPostprocessing = 0;
		};
		D8C1B5A52016A8C500CB0B0B /* Resources */ = {
			isa = PBXResourcesBuildPhase;
			buildActionMask = 2147483647;
			files = (
			);
			runOnlyForDeploymentPostprocessing = 0;
		};
/* End PBXResourcesBuildPhase section */

/* Begin PBXSourcesBuildPhase section */
		D8C1B5842016A8C500CB0B0B /* Sources */ = {
			isa = PBXSourcesBuildPhase;
			buildActionMask = 2147483647;
			files = (
				D8C1B58E2016A8C500CB0B0B /* ViewController.swift in Sources */,
				D8C1B58C2016A8C500CB0B0B /* AppDelegate.swift in Sources */,
			);
			runOnlyForDeploymentPostprocessing = 0;
		};
		D8C1B5982016A8C500CB0B0B /* Sources */ = {
			isa = PBXSourcesBuildPhase;
			buildActionMask = 2147483647;
			files = (
				D8C1B5A12016A8C500CB0B0B /* YelpTests.swift in Sources */,
			);
			runOnlyForDeploymentPostprocessing = 0;
		};
		D8C1B5A32016A8C500CB0B0B /* Sources */ = {
			isa = PBXSourcesBuildPhase;
			buildActionMask = 2147483647;
			files = (
				D8C1B5AC2016A8C500CB0B0B /* YelpUITests.swift in Sources */,
			);
			runOnlyForDeploymentPostprocessing = 0;
		};
/* End PBXSourcesBuildPhase section */

/* Begin PBXTargetDependency section */
		D8C1B59E2016A8C500CB0B0B /* PBXTargetDependency */ = {
			isa = PBXTargetDependency;
			target = D8C1B5872016A8C500CB0B0B /* Yelp */;
			targetProxy = D8C1B59D2016A8C500CB0B0B /* PBXContainerItemProxy */;
		};
		D8C1B5A92016A8C500CB0B0B /* PBXTargetDependency */ = {
			isa = PBXTargetDependency;
			target = D8C1B5872016A8C500CB0B0B /* Yelp */;
			targetProxy = D8C1B5A82016A8C500CB0B0B /* PBXContainerItemProxy */;
		};
/* End PBXTargetDependency section */

/* Begin PBXVariantGroup section */
		D8C1B58F2016A8C500CB0B0B /* Main.storyboard */ = {
			isa = PBXVariantGroup;
			children = (
				D8C1B5902016A8C500CB0B0B /* Base */,
			);
			name = Main.storyboard;
			sourceTree = "<group>";
		};
		D8C1B5942016A8C500CB0B0B /* LaunchScreen.storyboard */ = {
			isa = PBXVariantGroup;
			children = (
				D8C1B5952016A8C500CB0B0B /* Base */,
			);
			name = LaunchScreen.storyboard;
			sourceTree = "<group>";
		};
/* End PBXVariantGroup section */

/* Begin XCBuildConfiguration section */
		D8C1B5AE2016A8C500CB0B0B /* Debug */ = {
			isa = XCBuildConfiguration;
			buildSettings = {
				ALWAYS_SEARCH_USER_PATHS = NO;
				CLANG_ANALYZER_NONNULL = YES;
				CLANG_ANALYZER_NUMBER_OBJECT_CONVERSION = YES_AGGRESSIVE;
				CLANG_CXX_LANGUAGE_STANDARD = "gnu++14";
				CLANG_CXX_LIBRARY = "libc++";
				CLANG_ENABLE_MODULES = YES;
				CLANG_ENABLE_OBJC_ARC = YES;
				CLANG_WARN_BLOCK_CAPTURE_AUTORELEASING = YES;
				CLANG_WARN_BOOL_CONVERSION = YES;
				CLANG_WARN_COMMA = YES;
				CLANG_WARN_CONSTANT_CONVERSION = YES;
				CLANG_WARN_DIRECT_OBJC_ISA_USAGE = YES_ERROR;
				CLANG_WARN_DOCUMENTATION_COMMENTS = YES;
				CLANG_WARN_EMPTY_BODY = YES;
				CLANG_WARN_ENUM_CONVERSION = YES;
				CLANG_WARN_INFINITE_RECURSION = YES;
				CLANG_WARN_INT_CONVERSION = YES;
				CLANG_WARN_NON_LITERAL_NULL_CONVERSION = YES;
				CLANG_WARN_OBJC_LITERAL_CONVERSION = YES;
				CLANG_WARN_OBJC_ROOT_CLASS = YES_ERROR;
				CLANG_WARN_RANGE_LOOP_ANALYSIS = YES;
				CLANG_WARN_STRICT_PROTOTYPES = YES;
				CLANG_WARN_SUSPICIOUS_MOVE = YES;
				CLANG_WARN_UNGUARDED_AVAILABILITY = YES_AGGRESSIVE;
				CLANG_WARN_UNREACHABLE_CODE = YES;
				CLANG_WARN__DUPLICATE_METHOD_MATCH = YES;
				CODE_SIGN_IDENTITY = "iPhone Developer";
				COPY_PHASE_STRIP = NO;
				DEBUG_INFORMATION_FORMAT = dwarf;
				ENABLE_STRICT_OBJC_MSGSEND = YES;
				ENABLE_TESTABILITY = YES;
				GCC_C_LANGUAGE_STANDARD = gnu11;
				GCC_DYNAMIC_NO_PIC = NO;
				GCC_NO_COMMON_BLOCKS = YES;
				GCC_OPTIMIZATION_LEVEL = 0;
				GCC_PREPROCESSOR_DEFINITIONS = (
					"DEBUG=1",
					"$(inherited)",
				);
				GCC_WARN_64_TO_32_BIT_CONVERSION = YES;
				GCC_WARN_ABOUT_RETURN_TYPE = YES_ERROR;
				GCC_WARN_UNDECLARED_SELECTOR = YES;
				GCC_WARN_UNINITIALIZED_AUTOS = YES_AGGRESSIVE;
				GCC_WARN_UNUSED_FUNCTION = YES;
				GCC_WARN_UNUSED_VARIABLE = YES;
				IPHONEOS_DEPLOYMENT_TARGET = 11.2;
				MTL_ENABLE_DEBUG_INFO = YES;
				ONLY_ACTIVE_ARCH = YES;
				SDKROOT = iphoneos;
				SWIFT_ACTIVE_COMPILATION_CONDITIONS = DEBUG;
				SWIFT_OPTIMIZATION_LEVEL = "-Onone";
			};
			name = Debug;
		};
		D8C1B5AF2016A8C500CB0B0B /* Release */ = {
			isa = XCBuildConfiguration;
			buildSettings = {
				ALWAYS_SEARCH_USER_PATHS = NO;
				CLANG_ANALYZER_NONNULL = YES;
				CLANG_ANALYZER_NUMBER_OBJECT_CONVERSION = YES_AGGRESSIVE;
				CLANG_CXX_LANGUAGE_STANDARD = "gnu++14";
				CLANG_CXX_LIBRARY = "libc++";
				CLANG_ENABLE_MODULES = YES;
				CLANG_ENABLE_OBJC_ARC = YES;
				CLANG_WARN_BLOCK_CAPTURE_AUTORELEASING = YES;
				CLANG_WARN_BOOL_CONVERSION = YES;
				CLANG_WARN_COMMA = YES;
				CLANG_WARN_CONSTANT_CONVERSION = YES;
				CLANG_WARN_DIRECT_OBJC_ISA_USAGE = YES_ERROR;
				CLANG_WARN_DOCUMENTATION_COMMENTS = YES;
				CLANG_WARN_EMPTY_BODY = YES;
				CLANG_WARN_ENUM_CONVERSION = YES;
				CLANG_WARN_INFINITE_RECURSION = YES;
				CLANG_WARN_INT_CONVERSION = YES;
				CLANG_WARN_NON_LITERAL_NULL_CONVERSION = YES;
				CLANG_WARN_OBJC_LITERAL_CONVERSION = YES;
				CLANG_WARN_OBJC_ROOT_CLASS = YES_ERROR;
				CLANG_WARN_RANGE_LOOP_ANALYSIS = YES;
				CLANG_WARN_STRICT_PROTOTYPES = YES;
				CLANG_WARN_SUSPICIOUS_MOVE = YES;
				CLANG_WARN_UNGUARDED_AVAILABILITY = YES_AGGRESSIVE;
				CLANG_WARN_UNREACHABLE_CODE = YES;
				CLANG_WARN__DUPLICATE_METHOD_MATCH = YES;
				CODE_SIGN_IDENTITY = "iPhone Developer";
				COPY_PHASE_STRIP = NO;
				DEBUG_INFORMATION_FORMAT = "dwarf-with-dsym";
				ENABLE_NS_ASSERTIONS = NO;
				ENABLE_STRICT_OBJC_MSGSEND = YES;
				GCC_C_LANGUAGE_STANDARD = gnu11;
				GCC_NO_COMMON_BLOCKS = YES;
				GCC_WARN_64_TO_32_BIT_CONVERSION = YES;
				GCC_WARN_ABOUT_RETURN_TYPE = YES_ERROR;
				GCC_WARN_UNDECLARED_SELECTOR = YES;
				GCC_WARN_UNINITIALIZED_AUTOS = YES_AGGRESSIVE;
				GCC_WARN_UNUSED_FUNCTION = YES;
				GCC_WARN_UNUSED_VARIABLE = YES;
				IPHONEOS_DEPLOYMENT_TARGET = 11.2;
				MTL_ENABLE_DEBUG_INFO = NO;
				SDKROOT = iphoneos;
				SWIFT_OPTIMIZATION_LEVEL = "-Owholemodule";
				VALIDATE_PRODUCT = YES;
			};
			name = Release;
		};
		D8C1B5B12016A8C500CB0B0B /* Debug */ = {
			isa = XCBuildConfiguration;
			buildSettings = {
				ASSETCATALOG_COMPILER_APPICON_NAME = AppIcon;
				CODE_SIGN_STYLE = Automatic;
				INFOPLIST_FILE = Yelp/Info.plist;
				LD_RUNPATH_SEARCH_PATHS = "$(inherited) @executable_path/Frameworks";
				PRODUCT_BUNDLE_IDENTIFIER = Joe.Yelp;
				PRODUCT_NAME = "$(TARGET_NAME)";
				SWIFT_VERSION = 4.0;
				TARGETED_DEVICE_FAMILY = "1,2";
			};
			name = Debug;
		};
		D8C1B5B22016A8C500CB0B0B /* Release */ = {
			isa = XCBuildConfiguration;
			buildSettings = {
				ASSETCATALOG_COMPILER_APPICON_NAME = AppIcon;
				CODE_SIGN_STYLE = Automatic;
				INFOPLIST_FILE = Yelp/Info.plist;
				LD_RUNPATH_SEARCH_PATHS = "$(inherited) @executable_path/Frameworks";
				PRODUCT_BUNDLE_IDENTIFIER = Joe.Yelp;
				PRODUCT_NAME = "$(TARGET_NAME)";
				SWIFT_VERSION = 4.0;
				TARGETED_DEVICE_FAMILY = "1,2";
			};
			name = Release;
		};
		D8C1B5B42016A8C500CB0B0B /* Debug */ = {
			isa = XCBuildConfiguration;
			buildSettings = {
				ALWAYS_EMBED_SWIFT_STANDARD_LIBRARIES = YES;
				BUNDLE_LOADER = "$(TEST_HOST)";
				CODE_SIGN_STYLE = Automatic;
				INFOPLIST_FILE = YelpTests/Info.plist;
				LD_RUNPATH_SEARCH_PATHS = "$(inherited) @executable_path/Frameworks @loader_path/Frameworks";
				PRODUCT_BUNDLE_IDENTIFIER = Joe.YelpTests;
				PRODUCT_NAME = "$(TARGET_NAME)";
				SWIFT_VERSION = 4.0;
				TARGETED_DEVICE_FAMILY = "1,2";
				TEST_HOST = "$(BUILT_PRODUCTS_DIR)/Yelp.app/Yelp";
			};
			name = Debug;
		};
		D8C1B5B52016A8C500CB0B0B /* Release */ = {
			isa = XCBuildConfiguration;
			buildSettings = {
				ALWAYS_EMBED_SWIFT_STANDARD_LIBRARIES = YES;
				BUNDLE_LOADER = "$(TEST_HOST)";
				CODE_SIGN_STYLE = Automatic;
				INFOPLIST_FILE = YelpTests/Info.plist;
				LD_RUNPATH_SEARCH_PATHS = "$(inherited) @executable_path/Frameworks @loader_path/Frameworks";
				PRODUCT_BUNDLE_IDENTIFIER = Joe.YelpTests;
				PRODUCT_NAME = "$(TARGET_NAME)";
				SWIFT_VERSION = 4.0;
				TARGETED_DEVICE_FAMILY = "1,2";
				TEST_HOST = "$(BUILT_PRODUCTS_DIR)/Yelp.app/Yelp";
			};
			name = Release;
		};
		D8C1B5B72016A8C500CB0B0B /* Debug */ = {
			isa = XCBuildConfiguration;
			buildSettings = {
				ALWAYS_EMBED_SWIFT_STANDARD_LIBRARIES = YES;
				CODE_SIGN_STYLE = Automatic;
				INFOPLIST_FILE = YelpUITests/Info.plist;
				LD_RUNPATH_SEARCH_PATHS = "$(inherited) @executable_path/Frameworks @loader_path/Frameworks";
				PRODUCT_BUNDLE_IDENTIFIER = Joe.YelpUITests;
				PRODUCT_NAME = "$(TARGET_NAME)";
				SWIFT_VERSION = 4.0;
				TARGETED_DEVICE_FAMILY = "1,2";
				TEST_TARGET_NAME = Yelp;
			};
			name = Debug;
		};
		D8C1B5B82016A8C500CB0B0B /* Release */ = {
			isa = XCBuildConfiguration;
			buildSettings = {
				ALWAYS_EMBED_SWIFT_STANDARD_LIBRARIES = YES;
				CODE_SIGN_STYLE = Automatic;
				INFOPLIST_FILE = YelpUITests/Info.plist;
				LD_RUNPATH_SEARCH_PATHS = "$(inherited) @executable_path/Frameworks @loader_path/Frameworks";
				PRODUCT_BUNDLE_IDENTIFIER = Joe.YelpUITests;
				PRODUCT_NAME = "$(TARGET_NAME)";
				SWIFT_VERSION = 4.0;
				TARGETED_DEVICE_FAMILY = "1,2";
				TEST_TARGET_NAME = Yelp;
			};
			name = Release;
		};
/* End XCBuildConfiguration section */

/* Begin XCConfigurationList section */
		D8C1B5832016A8C500CB0B0B /* Build configuration list for PBXProject "Yelp" */ = {
			isa = XCConfigurationList;
			buildConfigurations = (
				D8C1B5AE2016A8C500CB0B0B /* Debug */,
				D8C1B5AF2016A8C500CB0B0B /* Release */,
			);
			defaultConfigurationIsVisible = 0;
			defaultConfigurationName = Release;
		};
		D8C1B5B02016A8C500CB0B0B /* Build configuration list for PBXNativeTarget "Yelp" */ = {
			isa = XCConfigurationList;
			buildConfigurations = (
				D8C1B5B12016A8C500CB0B0B /* Debug */,
				D8C1B5B22016A8C500CB0B0B /* Release */,
			);
			defaultConfigurationIsVisible = 0;
			defaultConfigurationName = Release;
		};
		D8C1B5B32016A8C500CB0B0B /* Build configuration list for PBXNativeTarget "YelpTests" */ = {
			isa = XCConfigurationList;
			buildConfigurations = (
				D8C1B5B42016A8C500CB0B0B /* Debug */,
				D8C1B5B52016A8C500CB0B0B /* Release */,
			);
			defaultConfigurationIsVisible = 0;
			defaultConfigurationName = Release;
		};
		D8C1B5B62016A8C500CB0B0B /* Build configuration list for PBXNativeTarget "YelpUITests" */ = {
			isa = XCConfigurationList;
			buildConfigurations = (
				D8C1B5B72016A8C500CB0B0B /* Debug */,
				D8C1B5B82016A8C500CB0B0B /* Release */,
			);
			defaultConfigurationIsVisible = 0;
			defaultConfigurationName = Release;
		};
/* End XCConfigurationList section */
	};
	rootObject = D8C1B5802016A8C500CB0B0B /* Project object */;
}
